
Microsoft Visual Studio Solution File, Format Version 12.00
# Visual Studio 2013
VisualStudioVersion = 12.0.40629.0
MinimumVisualStudioVersion = 10.0.40219.1
Project("{FAE04EC0-301F-11D3-BF4B-00C04F79EFBC}") = "Service.Data", "Service.Data\Service.Data.csproj", "{DF1368F2-1531-40FB-B914-E1901E471043}"
EndProject
Project("{FAE04EC0-301F-11D3-BF4B-00C04F79EFBC}") = "Datalayer.DataObject", "Datalayer.DataObject\Datalayer.DataObject.csproj", "{5826FBAE-6C78-49F3-9997-D6C221E58328}"
EndProject
Project("{FAE04EC0-301F-11D3-BF4B-00C04F79EFBC}") = "Presentation.KimQuang", "Presentation.KimQuang\Presentation.KimQuang.csproj", "{B3D43708-9C51-4167-9F84-7D2CF6FEF293}"
EndProject
Global
	GlobalSection(SolutionConfigurationPlatforms) = preSolution
		Debug|Any CPU = Debug|Any CPU
		Release|Any CPU = Release|Any CPU
	EndGlobalSection
	GlobalSection(ProjectConfigurationPlatforms) = postSolution
		{DF1368F2-1531-40FB-B914-E1901E471043}.Debug|Any CPU.ActiveCfg = Debug|Any CPU
		{DF1368F2-1531-40FB-B914-E1901E471043}.Debug|Any CPU.Build.0 = Debug|Any CPU
		{DF1368F2-1531-40FB-B914-E1901E471043}.Release|Any CPU.ActiveCfg = Release|Any CPU
		{DF1368F2-1531-40FB-B914-E1901E471043}.Release|Any CPU.Build.0 = Release|Any CPU
		{5826FBAE-6C78-49F3-9997-D6C221E58328}.Debug|Any CPU.ActiveCfg = Debug|Any CPU
		{5826FBAE-6C78-49F3-9997-D6C221E58328}.Debug|Any CPU.Build.0 = Debug|Any CPU
		{5826FBAE-6C78-49F3-9997-D6C221E58328}.Release|Any CPU.ActiveCfg = Release|Any CPU
		{5826FBAE-6C78-49F3-9997-D6C221E58328}.Release|Any CPU.Build.0 = Release|Any CPU
		{B3D43708-9C51-4167-9F84-7D2CF6FEF293}.Debug|Any CPU.ActiveCfg = Debug|Any CPU
		{B3D43708-9C51-4167-9F84-7D2CF6FEF293}.Debug|Any CPU.Build.0 = Debug|Any CPU
		{B3D43708-9C51-4167-9F84-7D2CF6FEF293}.Release|Any CPU.ActiveCfg = Release|Any CPU
		{B3D43708-9C51-4167-9F84-7D2CF6FEF293}.Release|Any CPU.Build.0 = Release|Any CPU
	EndGlobalSection
	GlobalSection(SolutionProperties) = preSolution
		HideSolutionNode = FALSE
	EndGlobalSection
EndGlobal
